
Microsoft Visual Studio Solution File, Format Version 12.00
# Visual Studio Version 16
VisualStudioVersion = 16.0.31205.134
MinimumVisualStudioVersion = 10.0.40219.1
Project("{9A19103F-16F7-4668-BE54-9A1E7A4F7556}") = "Tests", "Tests\Tests.csproj", "{2E8A43D1-B46A-46FF-B26A-0BF6539492AB}"
EndProject
Project("{2150E333-8FDC-42A3-9474-1A3956D46DE8}") = "Solution Items", "Solution Items", "{41456FC1-25B2-43CD-BF60-C948E0932880}"
	ProjectSection(SolutionItems) = preProject
		CodeAnalysis.ruleset = CodeAnalysis.ruleset
		CodeAnalysis.Test.ruleset = CodeAnalysis.Test.ruleset
		Directory.Build.props = Directory.Build.props
		Directory.Build.targets = Directory.Build.targets
		Marketplace.sln.DotSettings = Marketplace.sln.DotSettings
		Packages.props = Packages.props
		README.md = README.md
		stylecop.json = stylecop.json
	EndProjectSection
EndProject
Project("{9A19103F-16F7-4668-BE54-9A1E7A4F7556}") = "Contracts", "Contracts\Contracts.csproj", "{BD0777EF-FC3B-401B-A022-5EABF0BB23D0}"
EndProject
Project("{9A19103F-16F7-4668-BE54-9A1E7A4F7556}") = "Core", "Core\Core.csproj", "{0803ED19-BEDA-4F79-872C-015F958E33A0}"
EndProject
Project("{FAE04EC0-301F-11D3-BF4B-00C04F79EFBC}") = "Launcher", "Launcher\Launcher.csproj", "{AE18CC89-A669-47DB-8F56-BD5F505E0C36}"
EndProject
Project("{FAE04EC0-301F-11D3-BF4B-00C04F79EFBC}") = "DAL", "DAL\DAL.csproj", "{EC9D23CD-104E-4AD5-AAF9-E8F299CE2A26}"
EndProject
Global
	GlobalSection(SolutionConfigurationPlatforms) = preSolution
		Debug|Any CPU = Debug|Any CPU
		Release|Any CPU = Release|Any CPU
	EndGlobalSection
	GlobalSection(ProjectConfigurationPlatforms) = postSolution
		{2E8A43D1-B46A-46FF-B26A-0BF6539492AB}.Debug|Any CPU.ActiveCfg = Debug|Any CPU
		{2E8A43D1-B46A-46FF-B26A-0BF6539492AB}.Debug|Any CPU.Build.0 = Debug|Any CPU
		{2E8A43D1-B46A-46FF-B26A-0BF6539492AB}.Release|Any CPU.ActiveCfg = Release|Any CPU
		{2E8A43D1-B46A-46FF-B26A-0BF6539492AB}.Release|Any CPU.Build.0 = Release|Any CPU
		{BD0777EF-FC3B-401B-A022-5EABF0BB23D0}.Debug|Any CPU.ActiveCfg = Debug|Any CPU
		{BD0777EF-FC3B-401B-A022-5EABF0BB23D0}.Debug|Any CPU.Build.0 = Debug|Any CPU
		{BD0777EF-FC3B-401B-A022-5EABF0BB23D0}.Release|Any CPU.ActiveCfg = Release|Any CPU
		{BD0777EF-FC3B-401B-A022-5EABF0BB23D0}.Release|Any CPU.Build.0 = Release|Any CPU
		{0803ED19-BEDA-4F79-872C-015F958E33A0}.Debug|Any CPU.ActiveCfg = Debug|Any CPU
		{0803ED19-BEDA-4F79-872C-015F958E33A0}.Debug|Any CPU.Build.0 = Debug|Any CPU
		{0803ED19-BEDA-4F79-872C-015F958E33A0}.Release|Any CPU.ActiveCfg = Release|Any CPU
		{0803ED19-BEDA-4F79-872C-015F958E33A0}.Release|Any CPU.Build.0 = Release|Any CPU
		{AE18CC89-A669-47DB-8F56-BD5F505E0C36}.Debug|Any CPU.ActiveCfg = Debug|Any CPU
		{AE18CC89-A669-47DB-8F56-BD5F505E0C36}.Debug|Any CPU.Build.0 = Debug|Any CPU
		{AE18CC89-A669-47DB-8F56-BD5F505E0C36}.Release|Any CPU.ActiveCfg = Release|Any CPU
		{AE18CC89-A669-47DB-8F56-BD5F505E0C36}.Release|Any CPU.Build.0 = Release|Any CPU
		{EC9D23CD-104E-4AD5-AAF9-E8F299CE2A26}.Debug|Any CPU.ActiveCfg = Debug|Any CPU
		{EC9D23CD-104E-4AD5-AAF9-E8F299CE2A26}.Debug|Any CPU.Build.0 = Debug|Any CPU
		{EC9D23CD-104E-4AD5-AAF9-E8F299CE2A26}.Release|Any CPU.ActiveCfg = Release|Any CPU
		{EC9D23CD-104E-4AD5-AAF9-E8F299CE2A26}.Release|Any CPU.Build.0 = Release|Any CPU
	EndGlobalSection
	GlobalSection(SolutionProperties) = preSolution
		HideSolutionNode = FALSE
	EndGlobalSection
	GlobalSection(ExtensibilityGlobals) = postSolution
		SolutionGuid = {F5DE78D5-76F9-42DD-AD90-ABDA3D033D09}
	EndGlobalSection
EndGlobal
